
Microsoft Visual Studio Solution File, Format Version 12.00
# Visual Studio Version 17
VisualStudioVersion = 17.10.34916.146
MinimumVisualStudioVersion = 10.0.40219.1
Project("{FAE04EC0-301F-11D3-BF4B-00C04F79EFBC}") = "Corserius_form", "Corserius_form\Corserius_form.csproj", "{78ECA0BF-9C91-4801-9398-70277669D377}"
EndProject
Global
	GlobalSection(SolutionConfigurationPlatforms) = preSolution
		Debug|Any CPU = Debug|Any CPU
		Release|Any CPU = Release|Any CPU
	EndGlobalSection
	GlobalSection(ProjectConfigurationPlatforms) = postSolution
		{78ECA0BF-9C91-4801-9398-70277669D377}.Debug|Any CPU.ActiveCfg = Debug|Any CPU
		{78ECA0BF-9C91-4801-9398-70277669D377}.Debug|Any CPU.Build.0 = Debug|Any CPU
		{78ECA0BF-9C91-4801-9398-70277669D377}.Release|Any CPU.ActiveCfg = Release|Any CPU
		{78ECA0BF-9C91-4801-9398-70277669D377}.Release|Any CPU.Build.0 = Release|Any CPU
	EndGlobalSection
	GlobalSection(SolutionProperties) = preSolution
		HideSolutionNode = FALSE
	EndGlobalSection
	GlobalSection(ExtensibilityGlobals) = postSolution
		SolutionGuid = {2E7AFAE0-08FF-40CC-8C16-8BF2351AF90E}
	EndGlobalSection
EndGlobal
